// !$*UTF8*$!
{
	archiveVersion = 1;
	classes = {
	};
	objectVersion = 55;
	objects = {

/* Begin PBXBuildFile section */
		C8CB4518288922FC00B3AA18 /* UpCurvedLikeViewController.swift in Sources */ = {isa = PBXBuildFile; fileRef = C8CB4517288922FC00B3AA18 /* UpCurvedLikeViewController.swift */; };
		C8E1795228867D9600632673 /* AppDelegate.swift in Sources */ = {isa = PBXBuildFile; fileRef = C8E1795128867D9600632673 /* AppDelegate.swift */; };
		C8E1795428867D9600632673 /* SceneDelegate.swift in Sources */ = {isa = PBXBuildFile; fileRef = C8E1795328867D9600632673 /* SceneDelegate.swift */; };
		C8E1795628867D9600632673 /* MainViewController.swift in Sources */ = {isa = PBXBuildFile; fileRef = C8E1795528867D9600632673 /* MainViewController.swift */; };
		C8E1795B28867D9900632673 /* Assets.xcassets in Resources */ = {isa = PBXBuildFile; fileRef = C8E1795A28867D9900632673 /* Assets.xcassets */; };
		C8E1795E28867D9900632673 /* LaunchScreen.storyboard in Resources */ = {isa = PBXBuildFile; fileRef = C8E1795C28867D9900632673 /* LaunchScreen.storyboard */; };
		C8E1796728867ED600632673 /* Lottie in Frameworks */ = {isa = PBXBuildFile; productRef = C8E1796628867ED600632673 /* Lottie */; };
		C8E1796B28867F2600632673 /* likeAnimation.json in Resources */ = {isa = PBXBuildFile; fileRef = C8E1796A28867F2600632673 /* likeAnimation.json */; };
		C8E1796D288680CE00632673 /* OneLikeViewController.swift in Sources */ = {isa = PBXBuildFile; fileRef = C8E1796C288680CE00632673 /* OneLikeViewController.swift */; };
		C8E17970288680FE00632673 /* CurvedLikeViewController.swift in Sources */ = {isa = PBXBuildFile; fileRef = C8E1796F288680FE00632673 /* CurvedLikeViewController.swift */; };
		C8E179722886811000632673 /* UpLikeViewController.swift in Sources */ = {isa = PBXBuildFile; fileRef = C8E179712886811000632673 /* UpLikeViewController.swift */; };
/* End PBXBuildFile section */

/* Begin PBXFileReference section */
		C8CB4517288922FC00B3AA18 /* UpCurvedLikeViewController.swift */ = {isa = PBXFileReference; lastKnownFileType = sourcecode.swift; path = UpCurvedLikeViewController.swift; sourceTree = "<group>"; };
		C8E1794E28867D9600632673 /* LottieAnimationSample.app */ = {isa = PBXFileReference; explicitFileType = wrapper.application; includeInIndex = 0; path = LottieAnimationSample.app; sourceTree = BUILT_PRODUCTS_DIR; };
		C8E1795128867D9600632673 /* AppDelegate.swift */ = {isa = PBXFileReference; lastKnownFileType = sourcecode.swift; path = AppDelegate.swift; sourceTree = "<group>"; };
		C8E1795328867D9600632673 /* SceneDelegate.swift */ = {isa = PBXFileReference; lastKnownFileType = sourcecode.swift; path = SceneDelegate.swift; sourceTree = "<group>"; };
		C8E1795528867D9600632673 /* MainViewController.swift */ = {isa = PBXFileReference; lastKnownFileType = sourcecode.swift; path = MainViewController.swift; sourceTree = "<group>"; };
		C8E1795A28867D9900632673 /* Assets.xcassets */ = {isa = PBXFileReference; lastKnownFileType = folder.assetcatalog; path = Assets.xcassets; sourceTree = "<group>"; };
		C8E1795D28867D9900632673 /* Base */ = {isa = PBXFileReference; lastKnownFileType = file.storyboard; name = Base; path = Base.lproj/LaunchScreen.storyboard; sourceTree = "<group>"; };
		C8E1795F28867D9900632673 /* Info.plist */ = {isa = PBXFileReference; lastKnownFileType = text.plist.xml; path = Info.plist; sourceTree = "<group>"; };
		C8E1796A28867F2600632673 /* likeAnimation.json */ = {isa = PBXFileReference; fileEncoding = 4; lastKnownFileType = text.json; path = likeAnimation.json; sourceTree = "<group>"; };
		C8E1796C288680CE00632673 /* OneLikeViewController.swift */ = {isa = PBXFileReference; lastKnownFileType = sourcecode.swift; path = OneLikeViewController.swift; sourceTree = "<group>"; };
		C8E1796F288680FE00632673 /* CurvedLikeViewController.swift */ = {isa = PBXFileReference; lastKnownFileType = sourcecode.swift; path = CurvedLikeViewController.swift; sourceTree = "<group>"; };
		C8E179712886811000632673 /* UpLikeViewController.swift */ = {isa = PBXFileReference; lastKnownFileType = sourcecode.swift; path = UpLikeViewController.swift; sourceTree = "<group>"; };
/* End PBXFileReference section */

/* Begin PBXFrameworksBuildPhase section */
		C8E1794B28867D9600632673 /* Frameworks */ = {
			isa = PBXFrameworksBuildPhase;
			buildActionMask = 2147483647;
			files = (
				C8E1796728867ED600632673 /* Lottie in Frameworks */,
			);
			runOnlyForDeploymentPostprocessing = 0;
		};
/* End PBXFrameworksBuildPhase section */

/* Begin PBXGroup section */
		C88AD23F288689E4006C52C9 /* Supporting Files */ = {
			isa = PBXGroup;
			children = (
				C8E1795128867D9600632673 /* AppDelegate.swift */,
				C8E1795328867D9600632673 /* SceneDelegate.swift */,
				C8E1795C28867D9900632673 /* LaunchScreen.storyboard */,
				C8E1795F28867D9900632673 /* Info.plist */,
			);
			name = "Supporting Files";
			sourceTree = "<group>";
		};
		C88AD240288689F6006C52C9 /* Assets */ = {
			isa = PBXGroup;
			children = (
				C8E1795A28867D9900632673 /* Assets.xcassets */,
				C8E1796928867F1000632673 /* Animations */,
			);
			name = Assets;
			sourceTree = "<group>";
		};
		C8E1794528867D9600632673 = {
			isa = PBXGroup;
			children = (
				C8E1795028867D9600632673 /* LottieAnimationSample */,
				C8E1794F28867D9600632673 /* Products */,
			);
			sourceTree = "<group>";
		};
		C8E1794F28867D9600632673 /* Products */ = {
			isa = PBXGroup;
			children = (
				C8E1794E28867D9600632673 /* LottieAnimationSample.app */,
			);
			name = Products;
			sourceTree = "<group>";
		};
		C8E1795028867D9600632673 /* LottieAnimationSample */ = {
			isa = PBXGroup;
			children = (
				C8E1795528867D9600632673 /* MainViewController.swift */,
				C8E1796C288680CE00632673 /* OneLikeViewController.swift */,
				C8E1796F288680FE00632673 /* CurvedLikeViewController.swift */,
				C8E179712886811000632673 /* UpLikeViewController.swift */,
				C8CB4517288922FC00B3AA18 /* UpCurvedLikeViewController.swift */,
				C88AD240288689F6006C52C9 /* Assets */,
				C88AD23F288689E4006C52C9 /* Supporting Files */,
			);
			path = LottieAnimationSample;
			sourceTree = "<group>";
		};
		C8E1796928867F1000632673 /* Animations */ = {
			isa = PBXGroup;
			children = (
				C8E1796A28867F2600632673 /* likeAnimation.json */,
			);
			path = Animations;
			sourceTree = "<group>";
		};
/* End PBXGroup section */

/* Begin PBXNativeTarget section */
		C8E1794D28867D9600632673 /* LottieAnimationSample */ = {
			isa = PBXNativeTarget;
			buildConfigurationList = C8E1796228867D9900632673 /* Build configuration list for PBXNativeTarget "LottieAnimationSample" */;
			buildPhases = (
				C8E1794A28867D9600632673 /* Sources */,
				C8E1794B28867D9600632673 /* Frameworks */,
				C8E1794C28867D9600632673 /* Resources */,
			);
			buildRules = (
			);
			dependencies = (
			);
			name = LottieAnimationSample;
			packageProductDependencies = (
				C8E1796628867ED600632673 /* Lottie */,
			);
			productName = LottieAnimationSample;
			productReference = C8E1794E28867D9600632673 /* LottieAnimationSample.app */;
			productType = "com.apple.product-type.application";
		};
/* End PBXNativeTarget section */

/* Begin PBXProject section */
		C8E1794628867D9600632673 /* Project object */ = {
			isa = PBXProject;
			attributes = {
				BuildIndependentTargetsInParallel = 1;
				LastSwiftUpdateCheck = 1340;
				LastUpgradeCheck = 1340;
				TargetAttributes = {
					C8E1794D28867D9600632673 = {
						CreatedOnToolsVersion = 13.4.1;
					};
				};
			};
			buildConfigurationList = C8E1794928867D9600632673 /* Build configuration list for PBXProject "LottieAnimationSample" */;
			compatibilityVersion = "Xcode 13.0";
			developmentRegion = en;
			hasScannedForEncodings = 0;
			knownRegions = (
				en,
				Base,
			);
			mainGroup = C8E1794528867D9600632673;
			packageReferences = (
				C8E1796528867ED600632673 /* XCRemoteSwiftPackageReference "lottie-ios" */,
			);
			productRefGroup = C8E1794F28867D9600632673 /* Products */;
			projectDirPath = "";
			projectRoot = "";
			targets = (
				C8E1794D28867D9600632673 /* LottieAnimationSample */,
			);
		};
/* End PBXProject section */

/* Begin PBXResourcesBuildPhase section */
		C8E1794C28867D9600632673 /* Resources */ = {
			isa = PBXResourcesBuildPhase;
			buildActionMask = 2147483647;
			files = (
				C8E1795E28867D9900632673 /* LaunchScreen.storyboard in Resources */,
				C8E1795B28867D9900632673 /* Assets.xcassets in Resources */,
				C8E1796B28867F2600632673 /* likeAnimation.json in Resources */,
			);
			runOnlyForDeploymentPostprocessing = 0;
		};
/* End PBXResourcesBuildPhase section */

/* Begin PBXSourcesBuildPhase section */
		C8E1794A28867D9600632673 /* Sources */ = {
			isa = PBXSourcesBuildPhase;
			buildActionMask = 2147483647;
			files = (
				C8E1796D288680CE00632673 /* OneLikeViewController.swift in Sources */,
				C8E1795628867D9600632673 /* MainViewController.swift in Sources */,
				C8E179722886811000632673 /* UpLikeViewController.swift in Sources */,
				C8E1795228867D9600632673 /* AppDelegate.swift in Sources */,
				C8CB4518288922FC00B3AA18 /* UpCurvedLikeViewController.swift in Sources */,
				C8E1795428867D9600632673 /* SceneDelegate.swift in Sources */,
				C8E17970288680FE00632673 /* CurvedLikeViewController.swift in Sources */,
			);
			runOnlyForDeploymentPostprocessing = 0;
		};
/* End PBXSourcesBuildPhase section */

/* Begin PBXVariantGroup section */
		C8E1795C28867D9900632673 /* LaunchScreen.storyboard */ = {
			isa = PBXVariantGroup;
			children = (
				C8E1795D28867D9900632673 /* Base */,
			);
			name = LaunchScreen.storyboard;
			sourceTree = "<group>";
		};
/* End PBXVariantGroup section */

/* Begin XCBuildConfiguration section */
		C8E1796028867D9900632673 /* Debug */ = {
			isa = XCBuildConfiguration;
			buildSettings = {
				ALWAYS_SEARCH_USER_PATHS = NO;
				CLANG_ANALYZER_NONNULL = YES;
				CLANG_ANALYZER_NUMBER_OBJECT_CONVERSION = YES_AGGRESSIVE;
				CLANG_CXX_LANGUAGE_STANDARD = "gnu++17";
				CLANG_ENABLE_MODULES = YES;
				CLANG_ENABLE_OBJC_ARC = YES;
				CLANG_ENABLE_OBJC_WEAK = YES;
				CLANG_WARN_BLOCK_CAPTURE_AUTORELEASING = YES;
				CLANG_WARN_BOOL_CONVERSION = YES;
				CLANG_WARN_COMMA = YES;
				CLANG_WARN_CONSTANT_CONVERSION = YES;
				CLANG_WARN_DEPRECATED_OBJC_IMPLEMENTATIONS = YES;
				CLANG_WARN_DIRECT_OBJC_ISA_USAGE = YES_ERROR;
				CLANG_WARN_DOCUMENTATION_COMMENTS = YES;
				CLANG_WARN_EMPTY_BODY = YES;
				CLANG_WARN_ENUM_CONVERSION = YES;
				CLANG_WARN_INFINITE_RECURSION = YES;
				CLANG_WARN_INT_CONVERSION = YES;
				CLANG_WARN_NON_LITERAL_NULL_CONVERSION = YES;
				CLANG_WARN_OBJC_IMPLICIT_RETAIN_SELF = YES;
				CLANG_WARN_OBJC_LITERAL_CONVERSION = YES;
				CLANG_WARN_OBJC_ROOT_CLASS = YES_ERROR;
				CLANG_WARN_QUOTED_INCLUDE_IN_FRAMEWORK_HEADER = YES;
				CLANG_WARN_RANGE_LOOP_ANALYSIS = YES;
				CLANG_WARN_STRICT_PROTOTYPES = YES;
				CLANG_WARN_SUSPICIOUS_MOVE = YES;
				CLANG_WARN_UNGUARDED_AVAILABILITY = YES_AGGRESSIVE;
				CLANG_WARN_UNREACHABLE_CODE = YES;
				CLANG_WARN__DUPLICATE_METHOD_MATCH = YES;
				COPY_PHASE_STRIP = NO;
				DEBUG_INFORMATION_FORMAT = dwarf;
				ENABLE_STRICT_OBJC_MSGSEND = YES;
				ENABLE_TESTABILITY = YES;
				GCC_C_LANGUAGE_STANDARD = gnu11;
				GCC_DYNAMIC_NO_PIC = NO;
				GCC_NO_COMMON_BLOCKS = YES;
				GCC_OPTIMIZATION_LEVEL = 0;
				GCC_PREPROCESSOR_DEFINITIONS = (
					"DEBUG=1",
					"$(inherited)",
				);
				GCC_WARN_64_TO_32_BIT_CONVERSION = YES;
				GCC_WARN_ABOUT_RETURN_TYPE = YES_ERROR;
				GCC_WARN_UNDECLARED_SELECTOR = YES;
				GCC_WARN_UNINITIALIZED_AUTOS = YES_AGGRESSIVE;
				GCC_WARN_UNUSED_FUNCTION = YES;
				GCC_WARN_UNUSED_VARIABLE = YES;
				IPHONEOS_DEPLOYMENT_TARGET = 15.5;
				MTL_ENABLE_DEBUG_INFO = INCLUDE_SOURCE;
				MTL_FAST_MATH = YES;
				ONLY_ACTIVE_ARCH = YES;
				SDKROOT = iphoneos;
				SWIFT_ACTIVE_COMPILATION_CONDITIONS = DEBUG;
				SWIFT_OPTIMIZATION_LEVEL = "-Onone";
			};
			name = Debug;
		};
		C8E1796128867D9900632673 /* Release */ = {
			isa = XCBuildConfiguration;
			buildSettings = {
				ALWAYS_SEARCH_USER_PATHS = NO;
				CLANG_ANALYZER_NONNULL = YES;
				CLANG_ANALYZER_NUMBER_OBJECT_CONVERSION = YES_AGGRESSIVE;
				CLANG_CXX_LANGUAGE_STANDARD = "gnu++17";
				CLANG_ENABLE_MODULES = YES;
				CLANG_ENABLE_OBJC_ARC = YES;
				CLANG_ENABLE_OBJC_WEAK = YES;
				CLANG_WARN_BLOCK_CAPTURE_AUTORELEASING = YES;
				CLANG_WARN_BOOL_CONVERSION = YES;
				CLANG_WARN_COMMA = YES;
				CLANG_WARN_CONSTANT_CONVERSION = YES;
				CLANG_WARN_DEPRECATED_OBJC_IMPLEMENTATIONS = YES;
				CLANG_WARN_DIRECT_OBJC_ISA_USAGE = YES_ERROR;
				CLANG_WARN_DOCUMENTATION_COMMENTS = YES;
				CLANG_WARN_EMPTY_BODY = YES;
				CLANG_WARN_ENUM_CONVERSION = YES;
				CLANG_WARN_INFINITE_RECURSION = YES;
				CLANG_WARN_INT_CONVERSION = YES;
				CLANG_WARN_NON_LITERAL_NULL_CONVERSION = YES;
				CLANG_WARN_OBJC_IMPLICIT_RETAIN_SELF = YES;
				CLANG_WARN_OBJC_LITERAL_CONVERSION = YES;
				CLANG_WARN_OBJC_ROOT_CLASS = YES_ERROR;
				CLANG_WARN_QUOTED_INCLUDE_IN_FRAMEWORK_HEADER = YES;
				CLANG_WARN_RANGE_LOOP_ANALYSIS = YES;
				CLANG_WARN_STRICT_PROTOTYPES = YES;
				CLANG_WARN_SUSPICIOUS_MOVE = YES;
				CLANG_WARN_UNGUARDED_AVAILABILITY = YES_AGGRESSIVE;
				CLANG_WARN_UNREACHABLE_CODE = YES;
				CLANG_WARN__DUPLICATE_METHOD_MATCH = YES;
				COPY_PHASE_STRIP = NO;
				DEBUG_INFORMATION_FORMAT = "dwarf-with-dsym";
				ENABLE_NS_ASSERTIONS = NO;
				ENABLE_STRICT_OBJC_MSGSEND = YES;
				GCC_C_LANGUAGE_STANDARD = gnu11;
				GCC_NO_COMMON_BLOCKS = YES;
				GCC_WARN_64_TO_32_BIT_CONVERSION = YES;
				GCC_WARN_ABOUT_RETURN_TYPE = YES_ERROR;
				GCC_WARN_UNDECLARED_SELECTOR = YES;
				GCC_WARN_UNINITIALIZED_AUTOS = YES_AGGRESSIVE;
				GCC_WARN_UNUSED_FUNCTION = YES;
				GCC_WARN_UNUSED_VARIABLE = YES;
				IPHONEOS_DEPLOYMENT_TARGET = 15.5;
				MTL_ENABLE_DEBUG_INFO = NO;
				MTL_FAST_MATH = YES;
				SDKROOT = iphoneos;
				SWIFT_COMPILATION_MODE = wholemodule;
				SWIFT_OPTIMIZATION_LEVEL = "-O";
				VALIDATE_PRODUCT = YES;
			};
			name = Release;
		};
		C8E1796328867D9900632673 /* Debug */ = {
			isa = XCBuildConfiguration;
			buildSettings = {
				ASSETCATALOG_COMPILER_APPICON_NAME = AppIcon;
				ASSETCATALOG_COMPILER_GLOBAL_ACCENT_COLOR_NAME = AccentColor;
				CODE_SIGN_STYLE = Automatic;
				CURRENT_PROJECT_VERSION = 1;
				GENERATE_INFOPLIST_FILE = YES;
				INFOPLIST_FILE = LottieAnimationSample/Info.plist;
				INFOPLIST_KEY_UIApplicationSupportsIndirectInputEvents = YES;
				INFOPLIST_KEY_UILaunchStoryboardName = LaunchScreen;
				INFOPLIST_KEY_UISupportedInterfaceOrientations_iPad = "UIInterfaceOrientationPortrait UIInterfaceOrientationPortraitUpsideDown UIInterfaceOrientationLandscapeLeft UIInterfaceOrientationLandscapeRight";
				INFOPLIST_KEY_UISupportedInterfaceOrientations_iPhone = "UIInterfaceOrientationPortrait UIInterfaceOrientationLandscapeLeft UIInterfaceOrientationLandscapeRight";
				LD_RUNPATH_SEARCH_PATHS = (
					"$(inherited)",
					"@executable_path/Frameworks",
				);
				MARKETING_VERSION = 1.0;
				PRODUCT_BUNDLE_IDENTIFIER = com.danmooji.LottieAnimationSample;
				PRODUCT_NAME = "$(TARGET_NAME)";
				SWIFT_EMIT_LOC_STRINGS = YES;
				SWIFT_VERSION = 5.0;
				TARGETED_DEVICE_FAMILY = "1,2";
			};
			name = Debug;
		};
		C8E1796428867D9900632673 /* Release */ = {
			isa = XCBuildConfiguration;
			buildSettings = {
				ASSETCATALOG_COMPILER_APPICON_NAME = AppIcon;
				ASSETCATALOG_COMPILER_GLOBAL_ACCENT_COLOR_NAME = AccentColor;
				CODE_SIGN_STYLE = Automatic;
				CURRENT_PROJECT_VERSION = 1;
				GENERATE_INFOPLIST_FILE = YES;
				INFOPLIST_FILE = LottieAnimationSample/Info.plist;
				INFOPLIST_KEY_UIApplicationSupportsIndirectInputEvents = YES;
				INFOPLIST_KEY_UILaunchStoryboardName = LaunchScreen;
				INFOPLIST_KEY_UISupportedInterfaceOrientations_iPad = "UIInterfaceOrientationPortrait UIInterfaceOrientationPortraitUpsideDown UIInterfaceOrientationLandscapeLeft UIInterfaceOrientationLandscapeRight";
				INFOPLIST_KEY_UISupportedInterfaceOrientations_iPhone = "UIInterfaceOrientationPortrait UIInterfaceOrientationLandscapeLeft UIInterfaceOrientationLandscapeRight";
				LD_RUNPATH_SEARCH_PATHS = (
					"$(inherited)",
					"@executable_path/Frameworks",
				);
				MARKETING_VERSION = 1.0;
				PRODUCT_BUNDLE_IDENTIFIER = com.danmooji.LottieAnimationSample;
				PRODUCT_NAME = "$(TARGET_NAME)";
				SWIFT_EMIT_LOC_STRINGS = YES;
				SWIFT_VERSION = 5.0;
				TARGETED_DEVICE_FAMILY = "1,2";
			};
			name = Release;
		};
/* End XCBuildConfiguration section */

/* Begin XCConfigurationList section */
		C8E1794928867D9600632673 /* Build configuration list for PBXProject "LottieAnimationSample" */ = {
			isa = XCConfigurationList;
			buildConfigurations = (
				C8E1796028867D9900632673 /* Debug */,
				C8E1796128867D9900632673 /* Release */,
			);
			defaultConfigurationIsVisible = 0;
			defaultConfigurationName = Release;
		};
		C8E1796228867D9900632673 /* Build configuration list for PBXNativeTarget "LottieAnimationSample" */ = {
			isa = XCConfigurationList;
			buildConfigurations = (
				C8E1796328867D9900632673 /* Debug */,
				C8E1796428867D9900632673 /* Release */,
			);
			defaultConfigurationIsVisible = 0;
			defaultConfigurationName = Release;
		};
/* End XCConfigurationList section */

/* Begin XCRemoteSwiftPackageReference section */
		C8E1796528867ED600632673 /* XCRemoteSwiftPackageReference "lottie-ios" */ = {
			isa = XCRemoteSwiftPackageReference;
			repositoryURL = "https://github.com/airbnb/lottie-ios";
			requirement = {
				kind = upToNextMajorVersion;
				minimumVersion = 3.0.0;
			};
		};
/* End XCRemoteSwiftPackageReference section */

/* Begin XCSwiftPackageProductDependency section */
		C8E1796628867ED600632673 /* Lottie */ = {
			isa = XCSwiftPackageProductDependency;
			package = C8E1796528867ED600632673 /* XCRemoteSwiftPackageReference "lottie-ios" */;
			productName = Lottie;
		};
/* End XCSwiftPackageProductDependency section */
	};
	rootObject = C8E1794628867D9600632673 /* Project object */;
}
